
Microsoft Visual Studio Solution File, Format Version 12.00
Project("{FAE04EC0-301F-11D3-BF4B-00C04F79EFBC}") = "VoiceAuditor.Bot", "VoiceAuditor.Bot\VoiceAuditor.Bot.csproj", "{91A723BE-C26B-4397-8D40-D979EE8BED41}"
EndProject
Project("{FAE04EC0-301F-11D3-BF4B-00C04F79EFBC}") = "VoiceAuditor.Database", "VoiceAuditor.Database\VoiceAuditor.Database.csproj", "{23778EAF-2BFF-4D3F-9FD3-F924A6DC491A}"
EndProject
Global
	GlobalSection(SolutionConfigurationPlatforms) = preSolution
		Debug|Any CPU = Debug|Any CPU
		Release|Any CPU = Release|Any CPU
	EndGlobalSection
	GlobalSection(ProjectConfigurationPlatforms) = postSolution
		{91A723BE-C26B-4397-8D40-D979EE8BED41}.Debug|Any CPU.ActiveCfg = Debug|Any CPU
		{91A723BE-C26B-4397-8D40-D979EE8BED41}.Debug|Any CPU.Build.0 = Debug|Any CPU
		{91A723BE-C26B-4397-8D40-D979EE8BED41}.Release|Any CPU.ActiveCfg = Release|Any CPU
		{91A723BE-C26B-4397-8D40-D979EE8BED41}.Release|Any CPU.Build.0 = Release|Any CPU
		{23778EAF-2BFF-4D3F-9FD3-F924A6DC491A}.Debug|Any CPU.ActiveCfg = Debug|Any CPU
		{23778EAF-2BFF-4D3F-9FD3-F924A6DC491A}.Debug|Any CPU.Build.0 = Debug|Any CPU
		{23778EAF-2BFF-4D3F-9FD3-F924A6DC491A}.Release|Any CPU.ActiveCfg = Release|Any CPU
		{23778EAF-2BFF-4D3F-9FD3-F924A6DC491A}.Release|Any CPU.Build.0 = Release|Any CPU
	EndGlobalSection
EndGlobal
